
Microsoft Visual Studio Solution File, Format Version 12.00
# Visual Studio 14
VisualStudioVersion = 14.0.25420.1
MinimumVisualStudioVersion = 10.0.40219.1
Project("{FAE04EC0-301F-11D3-BF4B-00C04F79EFBC}") = "V-Note", "V-Note\V-Note.csproj", "{DAFBBC85-0872-4D53-B509-CD5874FAF0C5}"
EndProject
Project("{2150E333-8FDC-42A3-9474-1A3956D46DE8}") = "Client", "Client", "{2B7716FD-6EF9-4050-A84B-53E29DF9C833}"
EndProject
Project("{2150E333-8FDC-42A3-9474-1A3956D46DE8}") = "Server", "Server", "{E6F84BD4-39D8-409E-BCF9-100C60E897B3}"
EndProject
Project("{FAE04EC0-301F-11D3-BF4B-00C04F79EFBC}") = "V-Note_Server", "V-Note_Server\V-Note_Server.csproj", "{A30CF045-5DA7-457C-99AB-BAEC35DF6E78}"
EndProject
Global
	GlobalSection(SolutionConfigurationPlatforms) = preSolution
		Debug|Any CPU = Debug|Any CPU
		Release|Any CPU = Release|Any CPU
	EndGlobalSection
	GlobalSection(ProjectConfigurationPlatforms) = postSolution
		{DAFBBC85-0872-4D53-B509-CD5874FAF0C5}.Debug|Any CPU.ActiveCfg = Debug|Any CPU
		{DAFBBC85-0872-4D53-B509-CD5874FAF0C5}.Debug|Any CPU.Build.0 = Debug|Any CPU
		{DAFBBC85-0872-4D53-B509-CD5874FAF0C5}.Release|Any CPU.ActiveCfg = Release|Any CPU
		{DAFBBC85-0872-4D53-B509-CD5874FAF0C5}.Release|Any CPU.Build.0 = Release|Any CPU
		{A30CF045-5DA7-457C-99AB-BAEC35DF6E78}.Debug|Any CPU.ActiveCfg = Debug|Any CPU
		{A30CF045-5DA7-457C-99AB-BAEC35DF6E78}.Debug|Any CPU.Build.0 = Debug|Any CPU
		{A30CF045-5DA7-457C-99AB-BAEC35DF6E78}.Release|Any CPU.ActiveCfg = Release|Any CPU
		{A30CF045-5DA7-457C-99AB-BAEC35DF6E78}.Release|Any CPU.Build.0 = Release|Any CPU
	EndGlobalSection
	GlobalSection(SolutionProperties) = preSolution
		HideSolutionNode = FALSE
	EndGlobalSection
	GlobalSection(NestedProjects) = preSolution
		{DAFBBC85-0872-4D53-B509-CD5874FAF0C5} = {2B7716FD-6EF9-4050-A84B-53E29DF9C833}
		{A30CF045-5DA7-457C-99AB-BAEC35DF6E78} = {E6F84BD4-39D8-409E-BCF9-100C60E897B3}
	EndGlobalSection
EndGlobal
